
Microsoft Visual Studio Solution File, Format Version 12.00
# Visual Studio Version 17
VisualStudioVersion = 17.9.34714.143
MinimumVisualStudioVersion = 10.0.40219.1
Project("{FAE04EC0-301F-11D3-BF4B-00C04F79EFBC}") = "CascadeDropdown", "CascadeDropdown\CascadeDropdown.csproj", "{6BD037FC-C178-4B72-8E16-C2316B1CCF8B}"
EndProject
Global
	GlobalSection(SolutionConfigurationPlatforms) = preSolution
		Debug|Any CPU = Debug|Any CPU
		Release|Any CPU = Release|Any CPU
	EndGlobalSection
	GlobalSection(ProjectConfigurationPlatforms) = postSolution
		{6BD037FC-C178-4B72-8E16-C2316B1CCF8B}.Debug|Any CPU.ActiveCfg = Debug|Any CPU
		{6BD037FC-C178-4B72-8E16-C2316B1CCF8B}.Debug|Any CPU.Build.0 = Debug|Any CPU
		{6BD037FC-C178-4B72-8E16-C2316B1CCF8B}.Release|Any CPU.ActiveCfg = Release|Any CPU
		{6BD037FC-C178-4B72-8E16-C2316B1CCF8B}.Release|Any CPU.Build.0 = Release|Any CPU
	EndGlobalSection
	GlobalSection(SolutionProperties) = preSolution
		HideSolutionNode = FALSE
	EndGlobalSection
	GlobalSection(ExtensibilityGlobals) = postSolution
		SolutionGuid = {6CCF3FA9-E7CE-428E-806C-597631DA42ED}
	EndGlobalSection
EndGlobal
